
Microsoft Visual Studio Solution File, Format Version 12.00
# Visual Studio Version 17
VisualStudioVersion = 17.7.34031.279
MinimumVisualStudioVersion = 10.0.40219.1
Project("{8BC9CEB8-8B4A-11D0-8D11-00A0C91BC942}") = "SeamCarver", "SeamCarver.vcxproj", "{B5F0EBCD-83A4-4C6C-972A-34FEB0A8EEFC}"
EndProject
Global
	GlobalSection(SolutionConfigurationPlatforms) = preSolution
		Debug|x64 = Debug|x64
		Release|x64 = Release|x64
	EndGlobalSection
	GlobalSection(ProjectConfigurationPlatforms) = postSolution
		{B5F0EBCD-83A4-4C6C-972A-34FEB0A8EEFC}.Debug|x64.ActiveCfg = Debug|x64
		{B5F0EBCD-83A4-4C6C-972A-34FEB0A8EEFC}.Debug|x64.Build.0 = Debug|x64
		{B5F0EBCD-83A4-4C6C-972A-34FEB0A8EEFC}.Release|x64.ActiveCfg = Release|x64
		{B5F0EBCD-83A4-4C6C-972A-34FEB0A8EEFC}.Release|x64.Build.0 = Release|x64
	EndGlobalSection
	GlobalSection(SolutionProperties) = preSolution
		HideSolutionNode = FALSE
	EndGlobalSection
	GlobalSection(ExtensibilityGlobals) = postSolution
		SolutionGuid = {848084E3-C928-498B-9A00-678C41DF64D7}
	EndGlobalSection
EndGlobal
